
Microsoft Visual Studio Solution File, Format Version 12.00
# Visual Studio Version 17
VisualStudioVersion = 17.3.32825.248
MinimumVisualStudioVersion = 10.0.40219.1
Project("{FAE04EC0-301F-11D3-BF4B-00C04F79EFBC}") = "Aula4 Encapsulamento", "Aula4 Encapsulamento\Aula4 Encapsulamento.csproj", "{D99196A2-2E52-4775-93F8-5B8AB8248302}"
EndProject
Global
	GlobalSection(SolutionConfigurationPlatforms) = preSolution
		Debug|Any CPU = Debug|Any CPU
		Release|Any CPU = Release|Any CPU
	EndGlobalSection
	GlobalSection(ProjectConfigurationPlatforms) = postSolution
		{D99196A2-2E52-4775-93F8-5B8AB8248302}.Debug|Any CPU.ActiveCfg = Debug|Any CPU
		{D99196A2-2E52-4775-93F8-5B8AB8248302}.Debug|Any CPU.Build.0 = Debug|Any CPU
		{D99196A2-2E52-4775-93F8-5B8AB8248302}.Release|Any CPU.ActiveCfg = Release|Any CPU
		{D99196A2-2E52-4775-93F8-5B8AB8248302}.Release|Any CPU.Build.0 = Release|Any CPU
	EndGlobalSection
	GlobalSection(SolutionProperties) = preSolution
		HideSolutionNode = FALSE
	EndGlobalSection
	GlobalSection(ExtensibilityGlobals) = postSolution
		SolutionGuid = {18EADB7B-2B7C-4063-980B-D5B4A867B573}
	EndGlobalSection
EndGlobal
